
Microsoft Visual Studio Solution File, Format Version 12.00
# Visual Studio Version 16
VisualStudioVersion = 16.0.32002.261
MinimumVisualStudioVersion = 10.0.40219.1
Project("{8BC9CEB8-8B4A-11D0-8D11-00A0C91BC942}") = "wifiAnalyzerApp", "wifiAnalyzerApp.vcxproj", "{549AB757-7D03-4F90-8CE0-901429D46F82}"
EndProject
Global
	GlobalSection(SolutionConfigurationPlatforms) = preSolution
		Debug|x64 = Debug|x64
		Release|x64 = Release|x64
	EndGlobalSection
	GlobalSection(ProjectConfigurationPlatforms) = postSolution
		{549AB757-7D03-4F90-8CE0-901429D46F82}.Debug|x64.ActiveCfg = Debug|x64
		{549AB757-7D03-4F90-8CE0-901429D46F82}.Debug|x64.Build.0 = Debug|x64
		{549AB757-7D03-4F90-8CE0-901429D46F82}.Release|x64.ActiveCfg = Release|x64
		{549AB757-7D03-4F90-8CE0-901429D46F82}.Release|x64.Build.0 = Release|x64
	EndGlobalSection
	GlobalSection(SolutionProperties) = preSolution
		HideSolutionNode = FALSE
	EndGlobalSection
	GlobalSection(ExtensibilityGlobals) = postSolution
		SolutionGuid = {D6B1B43F-EE25-45BB-AC07-18DFEA8EF6CD}
	EndGlobalSection
EndGlobal
